
Microsoft Visual Studio Solution File, Format Version 12.00
# Visual Studio Version 16
VisualStudioVersion = 16.0.28711.60
MinimumVisualStudioVersion = 10.0.40219.1
Project("{9A19103F-16F7-4668-BE54-9A1E7A4F7556}") = "CardOverflow.Web", "CardOverflow.Web\CardOverflow.Web.csproj", "{6D7C7598-9BDD-45F8-906E-B319B6626C7C}"
EndProject
Project("{9A19103F-16F7-4668-BE54-9A1E7A4F7556}") = "CardOverflow.Entity", "CardOverflow.Entity\CardOverflow.Entity.csproj", "{598C6752-15D4-4545-89E7-D8885043C6DD}"
EndProject
Project("{F2A71F9B-5D33-465A-A702-920D77279786}") = "CardOverflow.Api", "CardOverflow.Api\CardOverflow.Api.fsproj", "{0405031C-B482-49D1-9296-EE125D06CC58}"
EndProject
Global
	GlobalSection(SolutionConfigurationPlatforms) = preSolution
		Debug|Any CPU = Debug|Any CPU
		Release|Any CPU = Release|Any CPU
	EndGlobalSection
	GlobalSection(ProjectConfigurationPlatforms) = postSolution
		{6D7C7598-9BDD-45F8-906E-B319B6626C7C}.Debug|Any CPU.ActiveCfg = Debug|Any CPU
		{6D7C7598-9BDD-45F8-906E-B319B6626C7C}.Debug|Any CPU.Build.0 = Debug|Any CPU
		{6D7C7598-9BDD-45F8-906E-B319B6626C7C}.Release|Any CPU.ActiveCfg = Release|Any CPU
		{6D7C7598-9BDD-45F8-906E-B319B6626C7C}.Release|Any CPU.Build.0 = Release|Any CPU
		{598C6752-15D4-4545-89E7-D8885043C6DD}.Debug|Any CPU.ActiveCfg = Debug|Any CPU
		{598C6752-15D4-4545-89E7-D8885043C6DD}.Debug|Any CPU.Build.0 = Debug|Any CPU
		{598C6752-15D4-4545-89E7-D8885043C6DD}.Release|Any CPU.ActiveCfg = Release|Any CPU
		{598C6752-15D4-4545-89E7-D8885043C6DD}.Release|Any CPU.Build.0 = Release|Any CPU
		{0405031C-B482-49D1-9296-EE125D06CC58}.Debug|Any CPU.ActiveCfg = Debug|Any CPU
		{0405031C-B482-49D1-9296-EE125D06CC58}.Debug|Any CPU.Build.0 = Debug|Any CPU
		{0405031C-B482-49D1-9296-EE125D06CC58}.Release|Any CPU.ActiveCfg = Release|Any CPU
		{0405031C-B482-49D1-9296-EE125D06CC58}.Release|Any CPU.Build.0 = Release|Any CPU
	EndGlobalSection
	GlobalSection(SolutionProperties) = preSolution
		HideSolutionNode = FALSE
	EndGlobalSection
	GlobalSection(ExtensibilityGlobals) = postSolution
		SolutionGuid = {37C5842B-59A4-40A6-9436-19990224854D}
	EndGlobalSection
EndGlobal
