Microsoft Visual Studio Solution File, Format Version 12.00
# Visual Studio Version 17
VisualStudioVersion = 17.0.31521.260
MinimumVisualStudioVersion = 10.0.40219.1
Project("{9A19103F-16F7-4668-BE54-9A1E7A4F7556}") = "CardOverflow.Server", "CardOverflow.Server\CardOverflow.Server.csproj", "{A24868D8-6143-4EE4-8B54-6A65FD686A77}"
EndProject
Project("{9A19103F-16F7-4668-BE54-9A1E7A4F7556}") = "CardOverflow.Entity", "CardOverflow.Entity\CardOverflow.Entity.csproj", "{598C6752-15D4-4545-89E7-D8885043C6DD}"
EndProject
Project("{6EC3EE1D-3C4E-46DD-8F32-0CC8E7565705}") = "CardOverflow.Api", "CardOverflow.Api\CardOverflow.Api.fsproj", "{0405031C-B482-49D1-9296-EE125D06CC58}"
EndProject
Project("{6EC3EE1D-3C4E-46DD-8F32-0CC8E7565705}") = "CardOverflow.Test", "CardOverflow.Test\CardOverflow.Test.fsproj", "{46255A67-B0B9-4186-90D7-E3676F361578}"
EndProject
Project("{9A19103F-16F7-4668-BE54-9A1E7A4F7556}") = "CardOverflow.Legacy", "CardOverflow.Legacy\CardOverflow.Legacy.csproj", "{7673B222-B67D-4652-A47F-3F08630BEC3D}"
EndProject
Project("{2150E333-8FDC-42A3-9474-1A3956D46DE8}") = "Stuff", "Stuff", "{7F59CD36-812D-42FB-8D9A-CB3E4C8C2D0C}"
	ProjectSection(SolutionItems) = preProject
		InitializeDatabase.sql = InitializeDatabase.sql
		README.md = README.md
		ScaffoldAndGenerateInitializeDatabase.sql.ps1 = ScaffoldAndGenerateInitializeDatabase.sql.ps1
		TweakDevelopment.sql = TweakDevelopment.sql
	EndProjectSection
EndProject
Project("{2150E333-8FDC-42A3-9474-1A3956D46DE8}") = "Config", "Config", "{3D064BDE-6336-49C1-AE6C-6DCAC7DE61B0}"
	ProjectSection(SolutionItems) = preProject
		Config\appsettings.Development.json = Config\appsettings.Development.json
		Config\appsettings.json = Config\appsettings.json
		Config\appsettings.Local.json = Config\appsettings.Local.json
		Config\environment.json = Config\environment.json
	EndProjectSection
EndProject
Project("{6EC3EE1D-3C4E-46DD-8F32-0CC8E7565705}") = "CardOverflow.Pure", "CardOverflow.Pure\CardOverflow.Pure.fsproj", "{FF9547D0-4AA5-406E-AED7-AB36E01B64F5}"
EndProject
Project("{6EC3EE1D-3C4E-46DD-8F32-0CC8E7565705}") = "CardOverflow.TestConsole", "CardOverflow.TestConsole\CardOverflow.TestConsole.fsproj", "{948D2E7C-E88D-4F30-8A0A-2B0CDD10FDDB}"
EndProject
Project("{2150E333-8FDC-42A3-9474-1A3956D46DE8}") = "Endpoints", "Endpoints", "{8FFB0480-CFB9-4856-98D0-FB860B8DE4FF}"
EndProject
Project("{9A19103F-16F7-4668-BE54-9A1E7A4F7556}") = "ThoughtDesign.WebLibrary", "ThoughtDesign.WebLibrary\ThoughtDesign.WebLibrary.csproj", "{55BAB54D-94B5-4E25-9A94-BFC797F4AC65}"
EndProject
Project("{9A19103F-16F7-4668-BE54-9A1E7A4F7556}") = "CardOverflow.FrontEndTest", "CardOverflow.FrontEndTest\CardOverflow.FrontEndTest.csproj", "{4A386C35-C32C-44E1-A10A-55BB90A9AB7A}"
EndProject
Project("{2150E333-8FDC-42A3-9474-1A3956D46DE8}") = "Test", "Test", "{A95ABAF8-7C36-4E18-9AD9-E1248FA36EF2}"
EndProject
Global
	GlobalSection(SolutionConfigurationPlatforms) = preSolution
		Debug|Any CPU = Debug|Any CPU
		Release|Any CPU = Release|Any CPU
	EndGlobalSection
	GlobalSection(ProjectConfigurationPlatforms) = postSolution
		{A24868D8-6143-4EE4-8B54-6A65FD686A77}.Debug|Any CPU.ActiveCfg = Debug|Any CPU
		{A24868D8-6143-4EE4-8B54-6A65FD686A77}.Debug|Any CPU.Build.0 = Debug|Any CPU
		{A24868D8-6143-4EE4-8B54-6A65FD686A77}.Release|Any CPU.ActiveCfg = Release|Any CPU
		{A24868D8-6143-4EE4-8B54-6A65FD686A77}.Release|Any CPU.Build.0 = Release|Any CPU
		{598C6752-15D4-4545-89E7-D8885043C6DD}.Debug|Any CPU.ActiveCfg = Debug|Any CPU
		{598C6752-15D4-4545-89E7-D8885043C6DD}.Debug|Any CPU.Build.0 = Debug|Any CPU
		{598C6752-15D4-4545-89E7-D8885043C6DD}.Release|Any CPU.ActiveCfg = Release|Any CPU
		{598C6752-15D4-4545-89E7-D8885043C6DD}.Release|Any CPU.Build.0 = Release|Any CPU
		{0405031C-B482-49D1-9296-EE125D06CC58}.Debug|Any CPU.ActiveCfg = Debug|Any CPU
		{0405031C-B482-49D1-9296-EE125D06CC58}.Debug|Any CPU.Build.0 = Debug|Any CPU
		{0405031C-B482-49D1-9296-EE125D06CC58}.Release|Any CPU.ActiveCfg = Release|Any CPU
		{0405031C-B482-49D1-9296-EE125D06CC58}.Release|Any CPU.Build.0 = Release|Any CPU
		{46255A67-B0B9-4186-90D7-E3676F361578}.Debug|Any CPU.ActiveCfg = Debug|Any CPU
		{46255A67-B0B9-4186-90D7-E3676F361578}.Debug|Any CPU.Build.0 = Debug|Any CPU
		{46255A67-B0B9-4186-90D7-E3676F361578}.Release|Any CPU.ActiveCfg = Release|Any CPU
		{46255A67-B0B9-4186-90D7-E3676F361578}.Release|Any CPU.Build.0 = Release|Any CPU
		{7673B222-B67D-4652-A47F-3F08630BEC3D}.Debug|Any CPU.ActiveCfg = Debug|Any CPU
		{7673B222-B67D-4652-A47F-3F08630BEC3D}.Debug|Any CPU.Build.0 = Debug|Any CPU
		{7673B222-B67D-4652-A47F-3F08630BEC3D}.Release|Any CPU.ActiveCfg = Release|Any CPU
		{7673B222-B67D-4652-A47F-3F08630BEC3D}.Release|Any CPU.Build.0 = Release|Any CPU
		{FF9547D0-4AA5-406E-AED7-AB36E01B64F5}.Debug|Any CPU.ActiveCfg = Debug|Any CPU
		{FF9547D0-4AA5-406E-AED7-AB36E01B64F5}.Debug|Any CPU.Build.0 = Debug|Any CPU
		{FF9547D0-4AA5-406E-AED7-AB36E01B64F5}.Release|Any CPU.ActiveCfg = Release|Any CPU
		{FF9547D0-4AA5-406E-AED7-AB36E01B64F5}.Release|Any CPU.Build.0 = Release|Any CPU
		{948D2E7C-E88D-4F30-8A0A-2B0CDD10FDDB}.Debug|Any CPU.ActiveCfg = Debug|Any CPU
		{948D2E7C-E88D-4F30-8A0A-2B0CDD10FDDB}.Debug|Any CPU.Build.0 = Debug|Any CPU
		{948D2E7C-E88D-4F30-8A0A-2B0CDD10FDDB}.Release|Any CPU.ActiveCfg = Release|Any CPU
		{948D2E7C-E88D-4F30-8A0A-2B0CDD10FDDB}.Release|Any CPU.Build.0 = Release|Any CPU
		{55BAB54D-94B5-4E25-9A94-BFC797F4AC65}.Debug|Any CPU.ActiveCfg = Debug|Any CPU
		{55BAB54D-94B5-4E25-9A94-BFC797F4AC65}.Debug|Any CPU.Build.0 = Debug|Any CPU
		{55BAB54D-94B5-4E25-9A94-BFC797F4AC65}.Release|Any CPU.ActiveCfg = Release|Any CPU
		{55BAB54D-94B5-4E25-9A94-BFC797F4AC65}.Release|Any CPU.Build.0 = Release|Any CPU
		{4A386C35-C32C-44E1-A10A-55BB90A9AB7A}.Debug|Any CPU.ActiveCfg = Debug|Any CPU
		{4A386C35-C32C-44E1-A10A-55BB90A9AB7A}.Debug|Any CPU.Build.0 = Debug|Any CPU
		{4A386C35-C32C-44E1-A10A-55BB90A9AB7A}.Release|Any CPU.ActiveCfg = Release|Any CPU
		{4A386C35-C32C-44E1-A10A-55BB90A9AB7A}.Release|Any CPU.Build.0 = Release|Any CPU
	EndGlobalSection
	GlobalSection(SolutionProperties) = preSolution
		HideSolutionNode = FALSE
	EndGlobalSection
	GlobalSection(NestedProjects) = preSolution
		{A24868D8-6143-4EE4-8B54-6A65FD686A77} = {8FFB0480-CFB9-4856-98D0-FB860B8DE4FF}
		{46255A67-B0B9-4186-90D7-E3676F361578} = {A95ABAF8-7C36-4E18-9AD9-E1248FA36EF2}
		{948D2E7C-E88D-4F30-8A0A-2B0CDD10FDDB} = {A95ABAF8-7C36-4E18-9AD9-E1248FA36EF2}
		{4A386C35-C32C-44E1-A10A-55BB90A9AB7A} = {A95ABAF8-7C36-4E18-9AD9-E1248FA36EF2}
	EndGlobalSection
	GlobalSection(ExtensibilityGlobals) = postSolution
		SolutionGuid = {37C5842B-59A4-40A6-9436-19990224854D}
	EndGlobalSection
EndGlobal
